
Microsoft Visual Studio Solution File, Format Version 12.00
# Visual Studio 15
VisualStudioVersion = 15.0.28010.2016
MinimumVisualStudioVersion = 10.0.40219.1
Project("{FAE04EC0-301F-11D3-BF4B-00C04F79EFBC}") = "DataGridComboboxDemo", "DataGridComboboxDemo\DataGridComboboxDemo.csproj", "{32A89431-6E4A-43FF-8085-55DEC778599B}"
EndProject
Global
	GlobalSection(SolutionConfigurationPlatforms) = preSolution
		Debug|Any CPU = Debug|Any CPU
		Release|Any CPU = Release|Any CPU
	EndGlobalSection
	GlobalSection(ProjectConfigurationPlatforms) = postSolution
		{32A89431-6E4A-43FF-8085-55DEC778599B}.Debug|Any CPU.ActiveCfg = Debug|Any CPU
		{32A89431-6E4A-43FF-8085-55DEC778599B}.Debug|Any CPU.Build.0 = Debug|Any CPU
		{32A89431-6E4A-43FF-8085-55DEC778599B}.Release|Any CPU.ActiveCfg = Release|Any CPU
		{32A89431-6E4A-43FF-8085-55DEC778599B}.Release|Any CPU.Build.0 = Release|Any CPU
	EndGlobalSection
	GlobalSection(SolutionProperties) = preSolution
		HideSolutionNode = FALSE
	EndGlobalSection
	GlobalSection(ExtensibilityGlobals) = postSolution
		SolutionGuid = {A776B3C2-BD21-4F9C-B29A-027626E4CB0B}
	EndGlobalSection
EndGlobal
